// !$*UTF8*$!
{
	archiveVersion = 1;
	classes = {
	};
	objectVersion = 46;
	objects = {

/* Begin PBXBuildFile section */
		3FF898521E9EEC7300CE4CE3 /* AppDelegate.swift in Sources */ = {isa = PBXBuildFile; fileRef = 3FF898511E9EEC7300CE4CE3 /* AppDelegate.swift */; };
		3FF898541E9EEC7300CE4CE3 /* ViewController.swift in Sources */ = {isa = PBXBuildFile; fileRef = 3FF898531E9EEC7300CE4CE3 /* ViewController.swift */; };
		3FF898571E9EEC7300CE4CE3 /* Main.storyboard in Resources */ = {isa = PBXBuildFile; fileRef = 3FF898551E9EEC7300CE4CE3 /* Main.storyboard */; };
		3FF898591E9EEC7300CE4CE3 /* Assets.xcassets in Resources */ = {isa = PBXBuildFile; fileRef = 3FF898581E9EEC7300CE4CE3 /* Assets.xcassets */; };
		3FF8985C1E9EEC7300CE4CE3 /* LaunchScreen.storyboard in Resources */ = {isa = PBXBuildFile; fileRef = 3FF8985A1E9EEC7300CE4CE3 /* LaunchScreen.storyboard */; };
		3FF898671E9EEC7300CE4CE3 /* tooLazyTests.swift in Sources */ = {isa = PBXBuildFile; fileRef = 3FF898661E9EEC7300CE4CE3 /* tooLazyTests.swift */; };
		3FF898721E9EEC7300CE4CE3 /* tooLazyUITests.swift in Sources */ = {isa = PBXBuildFile; fileRef = 3FF898711E9EEC7300CE4CE3 /* tooLazyUITests.swift */; };
/* End PBXBuildFile section */

/* Begin PBXContainerItemProxy section */
		3FF898631E9EEC7300CE4CE3 /* PBXContainerItemProxy */ = {
			isa = PBXContainerItemProxy;
			containerPortal = 3FF898461E9EEC7200CE4CE3 /* Project object */;
			proxyType = 1;
			remoteGlobalIDString = 3FF8984D1E9EEC7200CE4CE3;
			remoteInfo = tooLazy;
		};
		3FF8986E1E9EEC7300CE4CE3 /* PBXContainerItemProxy */ = {
			isa = PBXContainerItemProxy;
			containerPortal = 3FF898461E9EEC7200CE4CE3 /* Project object */;
			proxyType = 1;
			remoteGlobalIDString = 3FF8984D1E9EEC7200CE4CE3;
			remoteInfo = tooLazy;
		};
/* End PBXContainerItemProxy section */

/* Begin PBXFileReference section */
		3FF8984E1E9EEC7300CE4CE3 /* tooLazy.app */ = {isa = PBXFileReference; explicitFileType = wrapper.application; includeInIndex = 0; path = tooLazy.app; sourceTree = BUILT_PRODUCTS_DIR; };
		3FF898511E9EEC7300CE4CE3 /* AppDelegate.swift */ = {isa = PBXFileReference; lastKnownFileType = sourcecode.swift; path = AppDelegate.swift; sourceTree = "<group>"; };
		3FF898531E9EEC7300CE4CE3 /* ViewController.swift */ = {isa = PBXFileReference; lastKnownFileType = sourcecode.swift; path = ViewController.swift; sourceTree = "<group>"; };
		3FF898561E9EEC7300CE4CE3 /* Base */ = {isa = PBXFileReference; lastKnownFileType = file.storyboard; name = Base; path = Base.lproj/Main.storyboard; sourceTree = "<group>"; };
		3FF898581E9EEC7300CE4CE3 /* Assets.xcassets */ = {isa = PBXFileReference; lastKnownFileType = folder.assetcatalog; path = Assets.xcassets; sourceTree = "<group>"; };
		3FF8985B1E9EEC7300CE4CE3 /* Base */ = {isa = PBXFileReference; lastKnownFileType = file.storyboard; name = Base; path = Base.lproj/LaunchScreen.storyboard; sourceTree = "<group>"; };
		3FF8985D1E9EEC7300CE4CE3 /* Info.plist */ = {isa = PBXFileReference; lastKnownFileType = text.plist.xml; path = Info.plist; sourceTree = "<group>"; };
		3FF898621E9EEC7300CE4CE3 /* tooLazyTests.xctest */ = {isa = PBXFileReference; explicitFileType = wrapper.cfbundle; includeInIndex = 0; path = tooLazyTests.xctest; sourceTree = BUILT_PRODUCTS_DIR; };
		3FF898661E9EEC7300CE4CE3 /* tooLazyTests.swift */ = {isa = PBXFileReference; lastKnownFileType = sourcecode.swift; path = tooLazyTests.swift; sourceTree = "<group>"; };
		3FF898681E9EEC7300CE4CE3 /* Info.plist */ = {isa = PBXFileReference; lastKnownFileType = text.plist.xml; path = Info.plist; sourceTree = "<group>"; };
		3FF8986D1E9EEC7300CE4CE3 /* tooLazyUITests.xctest */ = {isa = PBXFileReference; explicitFileType = wrapper.cfbundle; includeInIndex = 0; path = tooLazyUITests.xctest; sourceTree = BUILT_PRODUCTS_DIR; };
		3FF898711E9EEC7300CE4CE3 /* tooLazyUITests.swift */ = {isa = PBXFileReference; lastKnownFileType = sourcecode.swift; path = tooLazyUITests.swift; sourceTree = "<group>"; };
		3FF898731E9EEC7300CE4CE3 /* Info.plist */ = {isa = PBXFileReference; lastKnownFileType = text.plist.xml; path = Info.plist; sourceTree = "<group>"; };
/* End PBXFileReference section */

/* Begin PBXFrameworksBuildPhase section */
		3FF8984B1E9EEC7200CE4CE3 /* Frameworks */ = {
			isa = PBXFrameworksBuildPhase;
			buildActionMask = 2147483647;
			files = (
			);
			runOnlyForDeploymentPostprocessing = 0;
		};
		3FF8985F1E9EEC7300CE4CE3 /* Frameworks */ = {
			isa = PBXFrameworksBuildPhase;
			buildActionMask = 2147483647;
			files = (
			);
			runOnlyForDeploymentPostprocessing = 0;
		};
		3FF8986A1E9EEC7300CE4CE3 /* Frameworks */ = {
			isa = PBXFrameworksBuildPhase;
			buildActionMask = 2147483647;
			files = (
			);
			runOnlyForDeploymentPostprocessing = 0;
		};
/* End PBXFrameworksBuildPhase section */

/* Begin PBXGroup section */
		3FF898451E9EEC7200CE4CE3 = {
			isa = PBXGroup;
			children = (
				3FF898501E9EEC7300CE4CE3 /* tooLazy */,
				3FF898651E9EEC7300CE4CE3 /* tooLazyTests */,
				3FF898701E9EEC7300CE4CE3 /* tooLazyUITests */,
				3FF8984F1E9EEC7300CE4CE3 /* Products */,
			);
			sourceTree = "<group>";
		};
		3FF8984F1E9EEC7300CE4CE3 /* Products */ = {
			isa = PBXGroup;
			children = (
				3FF8984E1E9EEC7300CE4CE3 /* tooLazy.app */,
				3FF898621E9EEC7300CE4CE3 /* tooLazyTests.xctest */,
				3FF8986D1E9EEC7300CE4CE3 /* tooLazyUITests.xctest */,
			);
			name = Products;
			sourceTree = "<group>";
		};
		3FF898501E9EEC7300CE4CE3 /* tooLazy */ = {
			isa = PBXGroup;
			children = (
				3FF898511E9EEC7300CE4CE3 /* AppDelegate.swift */,
				3FF898531E9EEC7300CE4CE3 /* ViewController.swift */,
				3FF898551E9EEC7300CE4CE3 /* Main.storyboard */,
				3FF898581E9EEC7300CE4CE3 /* Assets.xcassets */,
				3FF8985A1E9EEC7300CE4CE3 /* LaunchScreen.storyboard */,
				3FF8985D1E9EEC7300CE4CE3 /* Info.plist */,
			);
			path = tooLazy;
			sourceTree = "<group>";
		};
		3FF898651E9EEC7300CE4CE3 /* tooLazyTests */ = {
			isa = PBXGroup;
			children = (
				3FF898661E9EEC7300CE4CE3 /* tooLazyTests.swift */,
				3FF898681E9EEC7300CE4CE3 /* Info.plist */,
			);
			path = tooLazyTests;
			sourceTree = "<group>";
		};
		3FF898701E9EEC7300CE4CE3 /* tooLazyUITests */ = {
			isa = PBXGroup;
			children = (
				3FF898711E9EEC7300CE4CE3 /* tooLazyUITests.swift */,
				3FF898731E9EEC7300CE4CE3 /* Info.plist */,
			);
			path = tooLazyUITests;
			sourceTree = "<group>";
		};
/* End PBXGroup section */

/* Begin PBXNativeTarget section */
		3FF8984D1E9EEC7200CE4CE3 /* tooLazy */ = {
			isa = PBXNativeTarget;
			buildConfigurationList = 3FF898761E9EEC7300CE4CE3 /* Build configuration list for PBXNativeTarget "tooLazy" */;
			buildPhases = (
				3FF8984A1E9EEC7200CE4CE3 /* Sources */,
				3FF8984B1E9EEC7200CE4CE3 /* Frameworks */,
				3FF8984C1E9EEC7200CE4CE3 /* Resources */,
			);
			buildRules = (
			);
			dependencies = (
			);
			name = tooLazy;
			productName = tooLazy;
			productReference = 3FF8984E1E9EEC7300CE4CE3 /* tooLazy.app */;
			productType = "com.apple.product-type.application";
		};
		3FF898611E9EEC7300CE4CE3 /* tooLazyTests */ = {
			isa = PBXNativeTarget;
			buildConfigurationList = 3FF898791E9EEC7300CE4CE3 /* Build configuration list for PBXNativeTarget "tooLazyTests" */;
			buildPhases = (
				3FF8985E1E9EEC7300CE4CE3 /* Sources */,
				3FF8985F1E9EEC7300CE4CE3 /* Frameworks */,
				3FF898601E9EEC7300CE4CE3 /* Resources */,
			);
			buildRules = (
			);
			dependencies = (
				3FF898641E9EEC7300CE4CE3 /* PBXTargetDependency */,
			);
			name = tooLazyTests;
			productName = tooLazyTests;
			productReference = 3FF898621E9EEC7300CE4CE3 /* tooLazyTests.xctest */;
			productType = "com.apple.product-type.bundle.unit-test";
		};
		3FF8986C1E9EEC7300CE4CE3 /* tooLazyUITests */ = {
			isa = PBXNativeTarget;
			buildConfigurationList = 3FF8987C1E9EEC7300CE4CE3 /* Build configuration list for PBXNativeTarget "tooLazyUITests" */;
			buildPhases = (
				3FF898691E9EEC7300CE4CE3 /* Sources */,
				3FF8986A1E9EEC7300CE4CE3 /* Frameworks */,
				3FF8986B1E9EEC7300CE4CE3 /* Resources */,
			);
			buildRules = (
			);
			dependencies = (
				3FF8986F1E9EEC7300CE4CE3 /* PBXTargetDependency */,
			);
			name = tooLazyUITests;
			productName = tooLazyUITests;
			productReference = 3FF8986D1E9EEC7300CE4CE3 /* tooLazyUITests.xctest */;
			productType = "com.apple.product-type.bundle.ui-testing";
		};
/* End PBXNativeTarget section */

/* Begin PBXProject section */
		3FF898461E9EEC7200CE4CE3 /* Project object */ = {
			isa = PBXProject;
			attributes = {
				LastSwiftUpdateCheck = 0820;
				LastUpgradeCheck = 0820;
				ORGANIZATIONNAME = student;
				TargetAttributes = {
					3FF8984D1E9EEC7200CE4CE3 = {
						CreatedOnToolsVersion = 8.2.1;
						ProvisioningStyle = Automatic;
					};
					3FF898611E9EEC7300CE4CE3 = {
						CreatedOnToolsVersion = 8.2.1;
						ProvisioningStyle = Automatic;
						TestTargetID = 3FF8984D1E9EEC7200CE4CE3;
					};
					3FF8986C1E9EEC7300CE4CE3 = {
						CreatedOnToolsVersion = 8.2.1;
						ProvisioningStyle = Automatic;
						TestTargetID = 3FF8984D1E9EEC7200CE4CE3;
					};
				};
			};
			buildConfigurationList = 3FF898491E9EEC7200CE4CE3 /* Build configuration list for PBXProject "tooLazy" */;
			compatibilityVersion = "Xcode 3.2";
			developmentRegion = English;
			hasScannedForEncodings = 0;
			knownRegions = (
				en,
				Base,
			);
			mainGroup = 3FF898451E9EEC7200CE4CE3;
			productRefGroup = 3FF8984F1E9EEC7300CE4CE3 /* Products */;
			projectDirPath = "";
			projectRoot = "";
			targets = (
				3FF8984D1E9EEC7200CE4CE3 /* tooLazy */,
				3FF898611E9EEC7300CE4CE3 /* tooLazyTests */,
				3FF8986C1E9EEC7300CE4CE3 /* tooLazyUITests */,
			);
		};
/* End PBXProject section */

/* Begin PBXResourcesBuildPhase section */
		3FF8984C1E9EEC7200CE4CE3 /* Resources */ = {
			isa = PBXResourcesBuildPhase;
			buildActionMask = 2147483647;
			files = (
				3FF8985C1E9EEC7300CE4CE3 /* LaunchScreen.storyboard in Resources */,
				3FF898591E9EEC7300CE4CE3 /* Assets.xcassets in Resources */,
				3FF898571E9EEC7300CE4CE3 /* Main.storyboard in Resources */,
			);
			runOnlyForDeploymentPostprocessing = 0;
		};
		3FF898601E9EEC7300CE4CE3 /* Resources */ = {
			isa = PBXResourcesBuildPhase;
			buildActionMask = 2147483647;
			files = (
			);
			runOnlyForDeploymentPostprocessing = 0;
		};
		3FF8986B1E9EEC7300CE4CE3 /* Resources */ = {
			isa = PBXResourcesBuildPhase;
			buildActionMask = 2147483647;
			files = (
			);
			runOnlyForDeploymentPostprocessing = 0;
		};
/* End PBXResourcesBuildPhase section */

/* Begin PBXSourcesBuildPhase section */
		3FF8984A1E9EEC7200CE4CE3 /* Sources */ = {
			isa = PBXSourcesBuildPhase;
			buildActionMask = 2147483647;
			files = (
				3FF898541E9EEC7300CE4CE3 /* ViewController.swift in Sources */,
				3FF898521E9EEC7300CE4CE3 /* AppDelegate.swift in Sources */,
			);
			runOnlyForDeploymentPostprocessing = 0;
		};
		3FF8985E1E9EEC7300CE4CE3 /* Sources */ = {
			isa = PBXSourcesBuildPhase;
			buildActionMask = 2147483647;
			files = (
				3FF898671E9EEC7300CE4CE3 /* tooLazyTests.swift in Sources */,
			);
			runOnlyForDeploymentPostprocessing = 0;
		};
		3FF898691E9EEC7300CE4CE3 /* Sources */ = {
			isa = PBXSourcesBuildPhase;
			buildActionMask = 2147483647;
			files = (
				3FF898721E9EEC7300CE4CE3 /* tooLazyUITests.swift in Sources */,
			);
			runOnlyForDeploymentPostprocessing = 0;
		};
/* End PBXSourcesBuildPhase section */

/* Begin PBXTargetDependency section */
		3FF898641E9EEC7300CE4CE3 /* PBXTargetDependency */ = {
			isa = PBXTargetDependency;
			target = 3FF8984D1E9EEC7200CE4CE3 /* tooLazy */;
			targetProxy = 3FF898631E9EEC7300CE4CE3 /* PBXContainerItemProxy */;
		};
		3FF8986F1E9EEC7300CE4CE3 /* PBXTargetDependency */ = {
			isa = PBXTargetDependency;
			target = 3FF8984D1E9EEC7200CE4CE3 /* tooLazy */;
			targetProxy = 3FF8986E1E9EEC7300CE4CE3 /* PBXContainerItemProxy */;
		};
/* End PBXTargetDependency section */

/* Begin PBXVariantGroup section */
		3FF898551E9EEC7300CE4CE3 /* Main.storyboard */ = {
			isa = PBXVariantGroup;
			children = (
				3FF898561E9EEC7300CE4CE3 /* Base */,
			);
			name = Main.storyboard;
			sourceTree = "<group>";
		};
		3FF8985A1E9EEC7300CE4CE3 /* LaunchScreen.storyboard */ = {
			isa = PBXVariantGroup;
			children = (
				3FF8985B1E9EEC7300CE4CE3 /* Base */,
			);
			name = LaunchScreen.storyboard;
			sourceTree = "<group>";
		};
/* End PBXVariantGroup section */

/* Begin XCBuildConfiguration section */
		3FF898741E9EEC7300CE4CE3 /* Debug */ = {
			isa = XCBuildConfiguration;
			buildSettings = {
				ALWAYS_SEARCH_USER_PATHS = NO;
				CLANG_ANALYZER_NONNULL = YES;
				CLANG_CXX_LANGUAGE_STANDARD = "gnu++0x";
				CLANG_CXX_LIBRARY = "libc++";
				CLANG_ENABLE_MODULES = YES;
				CLANG_ENABLE_OBJC_ARC = YES;
				CLANG_WARN_BOOL_CONVERSION = YES;
				CLANG_WARN_CONSTANT_CONVERSION = YES;
				CLANG_WARN_DIRECT_OBJC_ISA_USAGE = YES_ERROR;
				CLANG_WARN_DOCUMENTATION_COMMENTS = YES;
				CLANG_WARN_EMPTY_BODY = YES;
				CLANG_WARN_ENUM_CONVERSION = YES;
				CLANG_WARN_INFINITE_RECURSION = YES;
				CLANG_WARN_INT_CONVERSION = YES;
				CLANG_WARN_OBJC_ROOT_CLASS = YES_ERROR;
				CLANG_WARN_SUSPICIOUS_MOVE = YES;
				CLANG_WARN_UNREACHABLE_CODE = YES;
				CLANG_WARN__DUPLICATE_METHOD_MATCH = YES;
				"CODE_SIGN_IDENTITY[sdk=iphoneos*]" = "iPhone Developer";
				COPY_PHASE_STRIP = NO;
				DEBUG_INFORMATION_FORMAT = dwarf;
				ENABLE_STRICT_OBJC_MSGSEND = YES;
				ENABLE_TESTABILITY = YES;
				GCC_C_LANGUAGE_STANDARD = gnu99;
				GCC_DYNAMIC_NO_PIC = NO;
				GCC_NO_COMMON_BLOCKS = YES;
				GCC_OPTIMIZATION_LEVEL = 0;
				GCC_PREPROCESSOR_DEFINITIONS = (
					"DEBUG=1",
					"$(inherited)",
				);
				GCC_WARN_64_TO_32_BIT_CONVERSION = YES;
				GCC_WARN_ABOUT_RETURN_TYPE = YES_ERROR;
				GCC_WARN_UNDECLARED_SELECTOR = YES;
				GCC_WARN_UNINITIALIZED_AUTOS = YES_AGGRESSIVE;
				GCC_WARN_UNUSED_FUNCTION = YES;
				GCC_WARN_UNUSED_VARIABLE = YES;
				IPHONEOS_DEPLOYMENT_TARGET = 10.2;
				MTL_ENABLE_DEBUG_INFO = YES;
				ONLY_ACTIVE_ARCH = YES;
				SDKROOT = iphoneos;
				SWIFT_ACTIVE_COMPILATION_CONDITIONS = DEBUG;
				SWIFT_OPTIMIZATION_LEVEL = "-Onone";
				TARGETED_DEVICE_FAMILY = "1,2";
			};
			name = Debug;
		};
		3FF898751E9EEC7300CE4CE3 /* Release */ = {
			isa = XCBuildConfiguration;
			buildSettings = {
				ALWAYS_SEARCH_USER_PATHS = NO;
				CLANG_ANALYZER_NONNULL = YES;
				CLANG_CXX_LANGUAGE_STANDARD = "gnu++0x";
				CLANG_CXX_LIBRARY = "libc++";
				CLANG_ENABLE_MODULES = YES;
				CLANG_ENABLE_OBJC_ARC = YES;
				CLANG_WARN_BOOL_CONVERSION = YES;
				CLANG_WARN_CONSTANT_CONVERSION = YES;
				CLANG_WARN_DIRECT_OBJC_ISA_USAGE = YES_ERROR;
				CLANG_WARN_DOCUMENTATION_COMMENTS = YES;
				CLANG_WARN_EMPTY_BODY = YES;
				CLANG_WARN_ENUM_CONVERSION = YES;
				CLANG_WARN_INFINITE_RECURSION = YES;
				CLANG_WARN_INT_CONVERSION = YES;
				CLANG_WARN_OBJC_ROOT_CLASS = YES_ERROR;
				CLANG_WARN_SUSPICIOUS_MOVE = YES;
				CLANG_WARN_UNREACHABLE_CODE = YES;
				CLANG_WARN__DUPLICATE_METHOD_MATCH = YES;
				"CODE_SIGN_IDENTITY[sdk=iphoneos*]" = "iPhone Developer";
				COPY_PHASE_STRIP = NO;
				DEBUG_INFORMATION_FORMAT = "dwarf-with-dsym";
				ENABLE_NS_ASSERTIONS = NO;
				ENABLE_STRICT_OBJC_MSGSEND = YES;
				GCC_C_LANGUAGE_STANDARD = gnu99;
				GCC_NO_COMMON_BLOCKS = YES;
				GCC_WARN_64_TO_32_BIT_CONVERSION = YES;
				GCC_WARN_ABOUT_RETURN_TYPE = YES_ERROR;
				GCC_WARN_UNDECLARED_SELECTOR = YES;
				GCC_WARN_UNINITIALIZED_AUTOS = YES_AGGRESSIVE;
				GCC_WARN_UNUSED_FUNCTION = YES;
				GCC_WARN_UNUSED_VARIABLE = YES;
				IPHONEOS_DEPLOYMENT_TARGET = 10.2;
				MTL_ENABLE_DEBUG_INFO = NO;
				SDKROOT = iphoneos;
				SWIFT_OPTIMIZATION_LEVEL = "-Owholemodule";
				TARGETED_DEVICE_FAMILY = "1,2";
				VALIDATE_PRODUCT = YES;
			};
			name = Release;
		};
		3FF898771E9EEC7300CE4CE3 /* Debug */ = {
			isa = XCBuildConfiguration;
			buildSettings = {
				ASSETCATALOG_COMPILER_APPICON_NAME = AppIcon;
				INFOPLIST_FILE = tooLazy/Info.plist;
				LD_RUNPATH_SEARCH_PATHS = "$(inherited) @executable_path/Frameworks";
				PRODUCT_BUNDLE_IDENTIFIER = SSU.tooLazy;
				PRODUCT_NAME = "$(TARGET_NAME)";
				SWIFT_VERSION = 3.0;
			};
			name = Debug;
		};
		3FF898781E9EEC7300CE4CE3 /* Release */ = {
			isa = XCBuildConfiguration;
			buildSettings = {
				ASSETCATALOG_COMPILER_APPICON_NAME = AppIcon;
				INFOPLIST_FILE = tooLazy/Info.plist;
				LD_RUNPATH_SEARCH_PATHS = "$(inherited) @executable_path/Frameworks";
				PRODUCT_BUNDLE_IDENTIFIER = SSU.tooLazy;
				PRODUCT_NAME = "$(TARGET_NAME)";
				SWIFT_VERSION = 3.0;
			};
			name = Release;
		};
		3FF8987A1E9EEC7300CE4CE3 /* Debug */ = {
			isa = XCBuildConfiguration;
			buildSettings = {
				ALWAYS_EMBED_SWIFT_STANDARD_LIBRARIES = YES;
				BUNDLE_LOADER = "$(TEST_HOST)";
				INFOPLIST_FILE = tooLazyTests/Info.plist;
				LD_RUNPATH_SEARCH_PATHS = "$(inherited) @executable_path/Frameworks @loader_path/Frameworks";
				PRODUCT_BUNDLE_IDENTIFIER = SSU.tooLazyTests;
				PRODUCT_NAME = "$(TARGET_NAME)";
				SWIFT_VERSION = 3.0;
				TEST_HOST = "$(BUILT_PRODUCTS_DIR)/tooLazy.app/tooLazy";
			};
			name = Debug;
		};
		3FF8987B1E9EEC7300CE4CE3 /* Release */ = {
			isa = XCBuildConfiguration;
			buildSettings = {
				ALWAYS_EMBED_SWIFT_STANDARD_LIBRARIES = YES;
				BUNDLE_LOADER = "$(TEST_HOST)";
				INFOPLIST_FILE = tooLazyTests/Info.plist;
				LD_RUNPATH_SEARCH_PATHS = "$(inherited) @executable_path/Frameworks @loader_path/Frameworks";
				PRODUCT_BUNDLE_IDENTIFIER = SSU.tooLazyTests;
				PRODUCT_NAME = "$(TARGET_NAME)";
				SWIFT_VERSION = 3.0;
				TEST_HOST = "$(BUILT_PRODUCTS_DIR)/tooLazy.app/tooLazy";
			};
			name = Release;
		};
		3FF8987D1E9EEC7300CE4CE3 /* Debug */ = {
			isa = XCBuildConfiguration;
			buildSettings = {
				ALWAYS_EMBED_SWIFT_STANDARD_LIBRARIES = YES;
				INFOPLIST_FILE = tooLazyUITests/Info.plist;
				LD_RUNPATH_SEARCH_PATHS = "$(inherited) @executable_path/Frameworks @loader_path/Frameworks";
				PRODUCT_BUNDLE_IDENTIFIER = SSU.tooLazyUITests;
				PRODUCT_NAME = "$(TARGET_NAME)";
				SWIFT_VERSION = 3.0;
				TEST_TARGET_NAME = tooLazy;
			};
			name = Debug;
		};
		3FF8987E1E9EEC7300CE4CE3 /* Release */ = {
			isa = XCBuildConfiguration;
			buildSettings = {
				ALWAYS_EMBED_SWIFT_STANDARD_LIBRARIES = YES;
				INFOPLIST_FILE = tooLazyUITests/Info.plist;
				LD_RUNPATH_SEARCH_PATHS = "$(inherited) @executable_path/Frameworks @loader_path/Frameworks";
				PRODUCT_BUNDLE_IDENTIFIER = SSU.tooLazyUITests;
				PRODUCT_NAME = "$(TARGET_NAME)";
				SWIFT_VERSION = 3.0;
				TEST_TARGET_NAME = tooLazy;
			};
			name = Release;
		};
/* End XCBuildConfiguration section */

/* Begin XCConfigurationList section */
		3FF898491E9EEC7200CE4CE3 /* Build configuration list for PBXProject "tooLazy" */ = {
			isa = XCConfigurationList;
			buildConfigurations = (
				3FF898741E9EEC7300CE4CE3 /* Debug */,
				3FF898751E9EEC7300CE4CE3 /* Release */,
			);
			defaultConfigurationIsVisible = 0;
			defaultConfigurationName = Release;
		};
		3FF898761E9EEC7300CE4CE3 /* Build configuration list for PBXNativeTarget "tooLazy" */ = {
			isa = XCConfigurationList;
			buildConfigurations = (
				3FF898771E9EEC7300CE4CE3 /* Debug */,
				3FF898781E9EEC7300CE4CE3 /* Release */,
			);
			defaultConfigurationIsVisible = 0;
		};
		3FF898791E9EEC7300CE4CE3 /* Build configuration list for PBXNativeTarget "tooLazyTests" */ = {
			isa = XCConfigurationList;
			buildConfigurations = (
				3FF8987A1E9EEC7300CE4CE3 /* Debug */,
				3FF8987B1E9EEC7300CE4CE3 /* Release */,
			);
			defaultConfigurationIsVisible = 0;
		};
		3FF8987C1E9EEC7300CE4CE3 /* Build configuration list for PBXNativeTarget "tooLazyUITests" */ = {
			isa = XCConfigurationList;
			buildConfigurations = (
				3FF8987D1E9EEC7300CE4CE3 /* Debug */,
				3FF8987E1E9EEC7300CE4CE3 /* Release */,
			);
			defaultConfigurationIsVisible = 0;
		};
/* End XCConfigurationList section */
	};
	rootObject = 3FF898461E9EEC7200CE4CE3 /* Project object */;
}
